
Microsoft Visual Studio Solution File, Format Version 12.00
Project("{FAE04EC0-301F-11D3-BF4B-00C04F79EFBC}") = "Herond.Benchmarks", "Herond.Benchmarks\Herond.Benchmarks.csproj", "{03A6A547-4CD7-4716-8192-8D36360BBF2A}"
EndProject
Project("{FAE04EC0-301F-11D3-BF4B-00C04F79EFBC}") = "Herond.Common", "Herond.Common\Herond.Common.csproj", "{3482AD3C-528A-48BF-921A-6DCD38A0C316}"
EndProject
Global
	GlobalSection(SolutionConfigurationPlatforms) = preSolution
		Debug|Any CPU = Debug|Any CPU
		Release|Any CPU = Release|Any CPU
	EndGlobalSection
	GlobalSection(ProjectConfigurationPlatforms) = postSolution
		{03A6A547-4CD7-4716-8192-8D36360BBF2A}.Debug|Any CPU.ActiveCfg = Debug|Any CPU
		{03A6A547-4CD7-4716-8192-8D36360BBF2A}.Debug|Any CPU.Build.0 = Debug|Any CPU
		{03A6A547-4CD7-4716-8192-8D36360BBF2A}.Release|Any CPU.ActiveCfg = Release|Any CPU
		{03A6A547-4CD7-4716-8192-8D36360BBF2A}.Release|Any CPU.Build.0 = Release|Any CPU
		{3482AD3C-528A-48BF-921A-6DCD38A0C316}.Debug|Any CPU.ActiveCfg = Debug|Any CPU
		{3482AD3C-528A-48BF-921A-6DCD38A0C316}.Debug|Any CPU.Build.0 = Debug|Any CPU
		{3482AD3C-528A-48BF-921A-6DCD38A0C316}.Release|Any CPU.ActiveCfg = Release|Any CPU
		{3482AD3C-528A-48BF-921A-6DCD38A0C316}.Release|Any CPU.Build.0 = Release|Any CPU
	EndGlobalSection
EndGlobal
